<Solution>
  <Folder Name="/src/">
    <Project Path="BookingApplication.Application/BookingSystem.Application.csproj" />
    <Project Path="BookingApplication.Domain/BookingSystem.Domain.csproj" />
    <Project Path="BookingSystem.Api/BookingSystem.Api.csproj" />
    <Project Path="BookingSystem.Infrastracture/BookingSystem.Infrastracture.csproj" />
  </Folder>
  <Folder Name="/tests/">
    <Project Path="BookingSystem.Tests/BookingSystem.Tests.csproj" />
  </Folder>
</Solution>
